// !$*UTF8*$!
{
	archiveVersion = 1;
	classes = {
	};
	objectVersion = 56;
	objects = {

/* Begin PBXBuildFile section */
		1F05CF8F2BE761AC0098A68E /* QuestionViewController.swift in Sources */ = {isa = PBXBuildFile; fileRef = 1F05CF8E2BE761AC0098A68E /* QuestionViewController.swift */; };
		1F05CF912BE761BC0098A68E /* AnswersTableViewCell.swift in Sources */ = {isa = PBXBuildFile; fileRef = 1F05CF902BE761BC0098A68E /* AnswersTableViewCell.swift */; };
		1F05CF932BE761DE0098A68E /* AnswerViewController.swift in Sources */ = {isa = PBXBuildFile; fileRef = 1F05CF922BE761DE0098A68E /* AnswerViewController.swift */; };
		1F5047AB2BE00B53006C33F0 /* AppDelegate.swift in Sources */ = {isa = PBXBuildFile; fileRef = 1F5047AA2BE00B53006C33F0 /* AppDelegate.swift */; };
		1F5047AD2BE00B53006C33F0 /* SceneDelegate.swift in Sources */ = {isa = PBXBuildFile; fileRef = 1F5047AC2BE00B53006C33F0 /* SceneDelegate.swift */; };
		1F5047AF2BE00B53006C33F0 /* ViewController.swift in Sources */ = {isa = PBXBuildFile; fileRef = 1F5047AE2BE00B53006C33F0 /* ViewController.swift */; };
		1F5047B22BE00B53006C33F0 /* Base in Resources */ = {isa = PBXBuildFile; fileRef = 1F5047B12BE00B53006C33F0 /* Base */; };
		1F5047B42BE00B54006C33F0 /* Assets.xcassets in Resources */ = {isa = PBXBuildFile; fileRef = 1F5047B32BE00B54006C33F0 /* Assets.xcassets */; };
		1F5047B72BE00B54006C33F0 /* Base in Resources */ = {isa = PBXBuildFile; fileRef = 1F5047B62BE00B54006C33F0 /* Base */; };
		1F5047C22BE00B54006C33F0 /* iQuizTests.swift in Sources */ = {isa = PBXBuildFile; fileRef = 1F5047C12BE00B54006C33F0 /* iQuizTests.swift */; };
		1F5047CC2BE00B54006C33F0 /* iQuizUITests.swift in Sources */ = {isa = PBXBuildFile; fileRef = 1F5047CB2BE00B54006C33F0 /* iQuizUITests.swift */; };
		1F5047CE2BE00B54006C33F0 /* iQuizUITestsLaunchTests.swift in Sources */ = {isa = PBXBuildFile; fileRef = 1F5047CD2BE00B54006C33F0 /* iQuizUITestsLaunchTests.swift */; };
		1F87461D2BE85048005FBABF /* FetchData.swift in Sources */ = {isa = PBXBuildFile; fileRef = 1F87461C2BE85048005FBABF /* FetchData.swift */; };
		1FB55ED62BE70F3500834306 /* QuizTableViewCell.swift in Sources */ = {isa = PBXBuildFile; fileRef = 1FB55ED52BE70F3500834306 /* QuizTableViewCell.swift */; };
		1FBDAC562BEB13FA001CCF39 /* FinishViewController.swift in Sources */ = {isa = PBXBuildFile; fileRef = 1FBDAC552BEB13FA001CCF39 /* FinishViewController.swift */; };
		1FEB07902BEB552E00639A66 /* Quiz.swift in Sources */ = {isa = PBXBuildFile; fileRef = 1FEB078F2BEB552E00639A66 /* Quiz.swift */; };
		1FEB07922BEB55FD00639A66 /* QuizViewModel.swift in Sources */ = {isa = PBXBuildFile; fileRef = 1FEB07912BEB55FD00639A66 /* QuizViewModel.swift */; };
/* End PBXBuildFile section */

/* Begin PBXContainerItemProxy section */
		1F5047BE2BE00B54006C33F0 /* PBXContainerItemProxy */ = {
			isa = PBXContainerItemProxy;
			containerPortal = 1F50479F2BE00B53006C33F0 /* Project object */;
			proxyType = 1;
			remoteGlobalIDString = 1F5047A62BE00B53006C33F0;
			remoteInfo = iQuiz;
		};
		1F5047C82BE00B54006C33F0 /* PBXContainerItemProxy */ = {
			isa = PBXContainerItemProxy;
			containerPortal = 1F50479F2BE00B53006C33F0 /* Project object */;
			proxyType = 1;
			remoteGlobalIDString = 1F5047A62BE00B53006C33F0;
			remoteInfo = iQuiz;
		};
/* End PBXContainerItemProxy section */

/* Begin PBXFileReference section */
		1F05CF8E2BE761AC0098A68E /* QuestionViewController.swift */ = {isa = PBXFileReference; fileEncoding = 4; lastKnownFileType = sourcecode.swift; path = QuestionViewController.swift; sourceTree = "<group>"; };
		1F05CF902BE761BC0098A68E /* AnswersTableViewCell.swift */ = {isa = PBXFileReference; fileEncoding = 4; lastKnownFileType = sourcecode.swift; path = AnswersTableViewCell.swift; sourceTree = "<group>"; };
		1F05CF922BE761DE0098A68E /* AnswerViewController.swift */ = {isa = PBXFileReference; fileEncoding = 4; lastKnownFileType = sourcecode.swift; path = AnswerViewController.swift; sourceTree = "<group>"; };
		1F5047A72BE00B53006C33F0 /* iQuiz.app */ = {isa = PBXFileReference; explicitFileType = wrapper.application; includeInIndex = 0; path = iQuiz.app; sourceTree = BUILT_PRODUCTS_DIR; };
		1F5047AA2BE00B53006C33F0 /* AppDelegate.swift */ = {isa = PBXFileReference; lastKnownFileType = sourcecode.swift; path = AppDelegate.swift; sourceTree = "<group>"; };
		1F5047AC2BE00B53006C33F0 /* SceneDelegate.swift */ = {isa = PBXFileReference; lastKnownFileType = sourcecode.swift; path = SceneDelegate.swift; sourceTree = "<group>"; };
		1F5047AE2BE00B53006C33F0 /* ViewController.swift */ = {isa = PBXFileReference; lastKnownFileType = sourcecode.swift; path = ViewController.swift; sourceTree = "<group>"; };
		1F5047B12BE00B53006C33F0 /* Base */ = {isa = PBXFileReference; lastKnownFileType = file.storyboard; name = Base; path = Base.lproj/Main.storyboard; sourceTree = "<group>"; };
		1F5047B32BE00B54006C33F0 /* Assets.xcassets */ = {isa = PBXFileReference; lastKnownFileType = folder.assetcatalog; path = Assets.xcassets; sourceTree = "<group>"; };
		1F5047B62BE00B54006C33F0 /* Base */ = {isa = PBXFileReference; lastKnownFileType = file.storyboard; name = Base; path = Base.lproj/LaunchScreen.storyboard; sourceTree = "<group>"; };
		1F5047B82BE00B54006C33F0 /* Info.plist */ = {isa = PBXFileReference; lastKnownFileType = text.plist.xml; path = Info.plist; sourceTree = "<group>"; };
		1F5047BD2BE00B54006C33F0 /* iQuizTests.xctest */ = {isa = PBXFileReference; explicitFileType = wrapper.cfbundle; includeInIndex = 0; path = iQuizTests.xctest; sourceTree = BUILT_PRODUCTS_DIR; };
		1F5047C12BE00B54006C33F0 /* iQuizTests.swift */ = {isa = PBXFileReference; lastKnownFileType = sourcecode.swift; path = iQuizTests.swift; sourceTree = "<group>"; };
		1F5047C72BE00B54006C33F0 /* iQuizUITests.xctest */ = {isa = PBXFileReference; explicitFileType = wrapper.cfbundle; includeInIndex = 0; path = iQuizUITests.xctest; sourceTree = BUILT_PRODUCTS_DIR; };
		1F5047CB2BE00B54006C33F0 /* iQuizUITests.swift */ = {isa = PBXFileReference; lastKnownFileType = sourcecode.swift; path = iQuizUITests.swift; sourceTree = "<group>"; };
		1F5047CD2BE00B54006C33F0 /* iQuizUITestsLaunchTests.swift */ = {isa = PBXFileReference; lastKnownFileType = sourcecode.swift; path = iQuizUITestsLaunchTests.swift; sourceTree = "<group>"; };
		1F87461C2BE85048005FBABF /* FetchData.swift */ = {isa = PBXFileReference; lastKnownFileType = sourcecode.swift; path = FetchData.swift; sourceTree = "<group>"; };
		1FB55ED52BE70F3500834306 /* QuizTableViewCell.swift */ = {isa = PBXFileReference; lastKnownFileType = sourcecode.swift; path = QuizTableViewCell.swift; sourceTree = "<group>"; };
		1FBDAC552BEB13FA001CCF39 /* FinishViewController.swift */ = {isa = PBXFileReference; lastKnownFileType = sourcecode.swift; path = FinishViewController.swift; sourceTree = "<group>"; };
		1FEB078F2BEB552E00639A66 /* Quiz.swift */ = {isa = PBXFileReference; lastKnownFileType = sourcecode.swift; path = Quiz.swift; sourceTree = "<group>"; };
		1FEB07912BEB55FD00639A66 /* QuizViewModel.swift */ = {isa = PBXFileReference; lastKnownFileType = sourcecode.swift; path = QuizViewModel.swift; sourceTree = "<group>"; };
/* End PBXFileReference section */

/* Begin PBXFrameworksBuildPhase section */
		1F5047A42BE00B53006C33F0 /* Frameworks */ = {
			isa = PBXFrameworksBuildPhase;
			buildActionMask = 2147483647;
			files = (
			);
			runOnlyForDeploymentPostprocessing = 0;
		};
		1F5047BA2BE00B54006C33F0 /* Frameworks */ = {
			isa = PBXFrameworksBuildPhase;
			buildActionMask = 2147483647;
			files = (
			);
			runOnlyForDeploymentPostprocessing = 0;
		};
		1F5047C42BE00B54006C33F0 /* Frameworks */ = {
			isa = PBXFrameworksBuildPhase;
			buildActionMask = 2147483647;
			files = (
			);
			runOnlyForDeploymentPostprocessing = 0;
		};
/* End PBXFrameworksBuildPhase section */

/* Begin PBXGroup section */
		1F50479E2BE00B53006C33F0 = {
			isa = PBXGroup;
			children = (
				1F5047A92BE00B53006C33F0 /* iQuiz */,
				1F5047C02BE00B54006C33F0 /* iQuizTests */,
				1F5047CA2BE00B54006C33F0 /* iQuizUITests */,
				1F5047A82BE00B53006C33F0 /* Products */,
			);
			sourceTree = "<group>";
		};
		1F5047A82BE00B53006C33F0 /* Products */ = {
			isa = PBXGroup;
			children = (
				1F5047A72BE00B53006C33F0 /* iQuiz.app */,
				1F5047BD2BE00B54006C33F0 /* iQuizTests.xctest */,
				1F5047C72BE00B54006C33F0 /* iQuizUITests.xctest */,
			);
			name = Products;
			sourceTree = "<group>";
		};
		1F5047A92BE00B53006C33F0 /* iQuiz */ = {
			isa = PBXGroup;
			children = (
				1F05CF922BE761DE0098A68E /* AnswerViewController.swift */,
				1F05CF902BE761BC0098A68E /* AnswersTableViewCell.swift */,
				1F05CF8E2BE761AC0098A68E /* QuestionViewController.swift */,
				1FB55ED52BE70F3500834306 /* QuizTableViewCell.swift */,
				1F5047AA2BE00B53006C33F0 /* AppDelegate.swift */,
				1F5047AC2BE00B53006C33F0 /* SceneDelegate.swift */,
				1F5047AE2BE00B53006C33F0 /* ViewController.swift */,
				1FEB078F2BEB552E00639A66 /* Quiz.swift */,
				1FEB07912BEB55FD00639A66 /* QuizViewModel.swift */,
				1F5047B02BE00B53006C33F0 /* Main.storyboard */,
				1F5047B32BE00B54006C33F0 /* Assets.xcassets */,
				1F5047B52BE00B54006C33F0 /* LaunchScreen.storyboard */,
				1F5047B82BE00B54006C33F0 /* Info.plist */,
				1F87461C2BE85048005FBABF /* FetchData.swift */,
				1FBDAC552BEB13FA001CCF39 /* FinishViewController.swift */,
			);
			path = iQuiz;
			sourceTree = "<group>";
		};
		1F5047C02BE00B54006C33F0 /* iQuizTests */ = {
			isa = PBXGroup;
			children = (
				1F5047C12BE00B54006C33F0 /* iQuizTests.swift */,
			);
			path = iQuizTests;
			sourceTree = "<group>";
		};
		1F5047CA2BE00B54006C33F0 /* iQuizUITests */ = {
			isa = PBXGroup;
			children = (
				1F5047CB2BE00B54006C33F0 /* iQuizUITests.swift */,
				1F5047CD2BE00B54006C33F0 /* iQuizUITestsLaunchTests.swift */,
			);
			path = iQuizUITests;
			sourceTree = "<group>";
		};
/* End PBXGroup section */

/* Begin PBXNativeTarget section */
		1F5047A62BE00B53006C33F0 /* iQuiz */ = {
			isa = PBXNativeTarget;
			buildConfigurationList = 1F5047D12BE00B54006C33F0 /* Build configuration list for PBXNativeTarget "iQuiz" */;
			buildPhases = (
				1F5047A32BE00B53006C33F0 /* Sources */,
				1F5047A42BE00B53006C33F0 /* Frameworks */,
				1F5047A52BE00B53006C33F0 /* Resources */,
			);
			buildRules = (
			);
			dependencies = (
			);
			name = iQuiz;
			productName = iQuiz;
			productReference = 1F5047A72BE00B53006C33F0 /* iQuiz.app */;
			productType = "com.apple.product-type.application";
		};
		1F5047BC2BE00B54006C33F0 /* iQuizTests */ = {
			isa = PBXNativeTarget;
			buildConfigurationList = 1F5047D42BE00B54006C33F0 /* Build configuration list for PBXNativeTarget "iQuizTests" */;
			buildPhases = (
				1F5047B92BE00B54006C33F0 /* Sources */,
				1F5047BA2BE00B54006C33F0 /* Frameworks */,
				1F5047BB2BE00B54006C33F0 /* Resources */,
			);
			buildRules = (
			);
			dependencies = (
				1F5047BF2BE00B54006C33F0 /* PBXTargetDependency */,
			);
			name = iQuizTests;
			productName = iQuizTests;
			productReference = 1F5047BD2BE00B54006C33F0 /* iQuizTests.xctest */;
			productType = "com.apple.product-type.bundle.unit-test";
		};
		1F5047C62BE00B54006C33F0 /* iQuizUITests */ = {
			isa = PBXNativeTarget;
			buildConfigurationList = 1F5047D72BE00B54006C33F0 /* Build configuration list for PBXNativeTarget "iQuizUITests" */;
			buildPhases = (
				1F5047C32BE00B54006C33F0 /* Sources */,
				1F5047C42BE00B54006C33F0 /* Frameworks */,
				1F5047C52BE00B54006C33F0 /* Resources */,
			);
			buildRules = (
			);
			dependencies = (
				1F5047C92BE00B54006C33F0 /* PBXTargetDependency */,
			);
			name = iQuizUITests;
			productName = iQuizUITests;
			productReference = 1F5047C72BE00B54006C33F0 /* iQuizUITests.xctest */;
			productType = "com.apple.product-type.bundle.ui-testing";
		};
/* End PBXNativeTarget section */

/* Begin PBXProject section */
		1F50479F2BE00B53006C33F0 /* Project object */ = {
			isa = PBXProject;
			attributes = {
				BuildIndependentTargetsInParallel = 1;
				LastSwiftUpdateCheck = 1530;
				LastUpgradeCheck = 1530;
				TargetAttributes = {
					1F5047A62BE00B53006C33F0 = {
						CreatedOnToolsVersion = 15.3;
					};
					1F5047BC2BE00B54006C33F0 = {
						CreatedOnToolsVersion = 15.3;
						TestTargetID = 1F5047A62BE00B53006C33F0;
					};
					1F5047C62BE00B54006C33F0 = {
						CreatedOnToolsVersion = 15.3;
						TestTargetID = 1F5047A62BE00B53006C33F0;
					};
				};
			};
			buildConfigurationList = 1F5047A22BE00B53006C33F0 /* Build configuration list for PBXProject "iQuiz" */;
			compatibilityVersion = "Xcode 14.0";
			developmentRegion = en;
			hasScannedForEncodings = 0;
			knownRegions = (
				en,
				Base,
			);
			mainGroup = 1F50479E2BE00B53006C33F0;
			productRefGroup = 1F5047A82BE00B53006C33F0 /* Products */;
			projectDirPath = "";
			projectRoot = "";
			targets = (
				1F5047A62BE00B53006C33F0 /* iQuiz */,
				1F5047BC2BE00B54006C33F0 /* iQuizTests */,
				1F5047C62BE00B54006C33F0 /* iQuizUITests */,
			);
		};
/* End PBXProject section */

/* Begin PBXResourcesBuildPhase section */
		1F5047A52BE00B53006C33F0 /* Resources */ = {
			isa = PBXResourcesBuildPhase;
			buildActionMask = 2147483647;
			files = (
				1F5047B42BE00B54006C33F0 /* Assets.xcassets in Resources */,
				1F5047B72BE00B54006C33F0 /* Base in Resources */,
				1F5047B22BE00B53006C33F0 /* Base in Resources */,
			);
			runOnlyForDeploymentPostprocessing = 0;
		};
		1F5047BB2BE00B54006C33F0 /* Resources */ = {
			isa = PBXResourcesBuildPhase;
			buildActionMask = 2147483647;
			files = (
			);
			runOnlyForDeploymentPostprocessing = 0;
		};
		1F5047C52BE00B54006C33F0 /* Resources */ = {
			isa = PBXResourcesBuildPhase;
			buildActionMask = 2147483647;
			files = (
			);
			runOnlyForDeploymentPostprocessing = 0;
		};
/* End PBXResourcesBuildPhase section */

/* Begin PBXSourcesBuildPhase section */
		1F5047A32BE00B53006C33F0 /* Sources */ = {
			isa = PBXSourcesBuildPhase;
			buildActionMask = 2147483647;
			files = (
				1F5047AF2BE00B53006C33F0 /* ViewController.swift in Sources */,
				1F05CF932BE761DE0098A68E /* AnswerViewController.swift in Sources */,
				1FBDAC562BEB13FA001CCF39 /* FinishViewController.swift in Sources */,
				1F05CF8F2BE761AC0098A68E /* QuestionViewController.swift in Sources */,
				1F5047AB2BE00B53006C33F0 /* AppDelegate.swift in Sources */,
				1F05CF912BE761BC0098A68E /* AnswersTableViewCell.swift in Sources */,
				1FEB07922BEB55FD00639A66 /* QuizViewModel.swift in Sources */,
				1FEB07902BEB552E00639A66 /* Quiz.swift in Sources */,
				1FB55ED62BE70F3500834306 /* QuizTableViewCell.swift in Sources */,
				1F87461D2BE85048005FBABF /* FetchData.swift in Sources */,
				1F5047AD2BE00B53006C33F0 /* SceneDelegate.swift in Sources */,
			);
			runOnlyForDeploymentPostprocessing = 0;
		};
		1F5047B92BE00B54006C33F0 /* Sources */ = {
			isa = PBXSourcesBuildPhase;
			buildActionMask = 2147483647;
			files = (
				1F5047C22BE00B54006C33F0 /* iQuizTests.swift in Sources */,
			);
			runOnlyForDeploymentPostprocessing = 0;
		};
		1F5047C32BE00B54006C33F0 /* Sources */ = {
			isa = PBXSourcesBuildPhase;
			buildActionMask = 2147483647;
			files = (
				1F5047CC2BE00B54006C33F0 /* iQuizUITests.swift in Sources */,
				1F5047CE2BE00B54006C33F0 /* iQuizUITestsLaunchTests.swift in Sources */,
			);
			runOnlyForDeploymentPostprocessing = 0;
		};
/* End PBXSourcesBuildPhase section */

/* Begin PBXTargetDependency section */
		1F5047BF2BE00B54006C33F0 /* PBXTargetDependency */ = {
			isa = PBXTargetDependency;
			target = 1F5047A62BE00B53006C33F0 /* iQuiz */;
			targetProxy = 1F5047BE2BE00B54006C33F0 /* PBXContainerItemProxy */;
		};
		1F5047C92BE00B54006C33F0 /* PBXTargetDependency */ = {
			isa = PBXTargetDependency;
			target = 1F5047A62BE00B53006C33F0 /* iQuiz */;
			targetProxy = 1F5047C82BE00B54006C33F0 /* PBXContainerItemProxy */;
		};
/* End PBXTargetDependency section */

/* Begin PBXVariantGroup section */
		1F5047B02BE00B53006C33F0 /* Main.storyboard */ = {
			isa = PBXVariantGroup;
			children = (
				1F5047B12BE00B53006C33F0 /* Base */,
			);
			name = Main.storyboard;
			sourceTree = "<group>";
		};
		1F5047B52BE00B54006C33F0 /* LaunchScreen.storyboard */ = {
			isa = PBXVariantGroup;
			children = (
				1F5047B62BE00B54006C33F0 /* Base */,
			);
			name = LaunchScreen.storyboard;
			sourceTree = "<group>";
		};
/* End PBXVariantGroup section */

/* Begin XCBuildConfiguration section */
		1F5047CF2BE00B54006C33F0 /* Debug */ = {
			isa = XCBuildConfiguration;
			buildSettings = {
				ALWAYS_SEARCH_USER_PATHS = NO;
				ASSETCATALOG_COMPILER_GENERATE_SWIFT_ASSET_SYMBOL_EXTENSIONS = YES;
				CLANG_ANALYZER_NONNULL = YES;
				CLANG_ANALYZER_NUMBER_OBJECT_CONVERSION = YES_AGGRESSIVE;
				CLANG_CXX_LANGUAGE_STANDARD = "gnu++20";
				CLANG_ENABLE_MODULES = YES;
				CLANG_ENABLE_OBJC_ARC = YES;
				CLANG_ENABLE_OBJC_WEAK = YES;
				CLANG_WARN_BLOCK_CAPTURE_AUTORELEASING = YES;
				CLANG_WARN_BOOL_CONVERSION = YES;
				CLANG_WARN_COMMA = YES;
				CLANG_WARN_CONSTANT_CONVERSION = YES;
				CLANG_WARN_DEPRECATED_OBJC_IMPLEMENTATIONS = YES;
				CLANG_WARN_DIRECT_OBJC_ISA_USAGE = YES_ERROR;
				CLANG_WARN_DOCUMENTATION_COMMENTS = YES;
				CLANG_WARN_EMPTY_BODY = YES;
				CLANG_WARN_ENUM_CONVERSION = YES;
				CLANG_WARN_INFINITE_RECURSION = YES;
				CLANG_WARN_INT_CONVERSION = YES;
				CLANG_WARN_NON_LITERAL_NULL_CONVERSION = YES;
				CLANG_WARN_OBJC_IMPLICIT_RETAIN_SELF = YES;
				CLANG_WARN_OBJC_LITERAL_CONVERSION = YES;
				CLANG_WARN_OBJC_ROOT_CLASS = YES_ERROR;
				CLANG_WARN_QUOTED_INCLUDE_IN_FRAMEWORK_HEADER = YES;
				CLANG_WARN_RANGE_LOOP_ANALYSIS = YES;
				CLANG_WARN_STRICT_PROTOTYPES = YES;
				CLANG_WARN_SUSPICIOUS_MOVE = YES;
				CLANG_WARN_UNGUARDED_AVAILABILITY = YES_AGGRESSIVE;
				CLANG_WARN_UNREACHABLE_CODE = YES;
				CLANG_WARN__DUPLICATE_METHOD_MATCH = YES;
				COPY_PHASE_STRIP = NO;
				DEBUG_INFORMATION_FORMAT = dwarf;
				ENABLE_STRICT_OBJC_MSGSEND = YES;
				ENABLE_TESTABILITY = YES;
				ENABLE_USER_SCRIPT_SANDBOXING = YES;
				GCC_C_LANGUAGE_STANDARD = gnu17;
				GCC_DYNAMIC_NO_PIC = NO;
				GCC_NO_COMMON_BLOCKS = YES;
				GCC_OPTIMIZATION_LEVEL = 0;
				GCC_PREPROCESSOR_DEFINITIONS = (
					"DEBUG=1",
					"$(inherited)",
				);
				GCC_WARN_64_TO_32_BIT_CONVERSION = YES;
				GCC_WARN_ABOUT_RETURN_TYPE = YES_ERROR;
				GCC_WARN_UNDECLARED_SELECTOR = YES;
				GCC_WARN_UNINITIALIZED_AUTOS = YES_AGGRESSIVE;
				GCC_WARN_UNUSED_FUNCTION = YES;
				GCC_WARN_UNUSED_VARIABLE = YES;
				IPHONEOS_DEPLOYMENT_TARGET = 17.4;
				LOCALIZATION_PREFERS_STRING_CATALOGS = YES;
				MTL_ENABLE_DEBUG_INFO = INCLUDE_SOURCE;
				MTL_FAST_MATH = YES;
				ONLY_ACTIVE_ARCH = YES;
				SDKROOT = iphoneos;
				SWIFT_ACTIVE_COMPILATION_CONDITIONS = "DEBUG $(inherited)";
				SWIFT_OPTIMIZATION_LEVEL = "-Onone";
			};
			name = Debug;
		};
		1F5047D02BE00B54006C33F0 /* Release */ = {
			isa = XCBuildConfiguration;
			buildSettings = {
				ALWAYS_SEARCH_USER_PATHS = NO;
				ASSETCATALOG_COMPILER_GENERATE_SWIFT_ASSET_SYMBOL_EXTENSIONS = YES;
				CLANG_ANALYZER_NONNULL = YES;
				CLANG_ANALYZER_NUMBER_OBJECT_CONVERSION = YES_AGGRESSIVE;
				CLANG_CXX_LANGUAGE_STANDARD = "gnu++20";
				CLANG_ENABLE_MODULES = YES;
				CLANG_ENABLE_OBJC_ARC = YES;
				CLANG_ENABLE_OBJC_WEAK = YES;
				CLANG_WARN_BLOCK_CAPTURE_AUTORELEASING = YES;
				CLANG_WARN_BOOL_CONVERSION = YES;
				CLANG_WARN_COMMA = YES;
				CLANG_WARN_CONSTANT_CONVERSION = YES;
				CLANG_WARN_DEPRECATED_OBJC_IMPLEMENTATIONS = YES;
				CLANG_WARN_DIRECT_OBJC_ISA_USAGE = YES_ERROR;
				CLANG_WARN_DOCUMENTATION_COMMENTS = YES;
				CLANG_WARN_EMPTY_BODY = YES;
				CLANG_WARN_ENUM_CONVERSION = YES;
				CLANG_WARN_INFINITE_RECURSION = YES;
				CLANG_WARN_INT_CONVERSION = YES;
				CLANG_WARN_NON_LITERAL_NULL_CONVERSION = YES;
				CLANG_WARN_OBJC_IMPLICIT_RETAIN_SELF = YES;
				CLANG_WARN_OBJC_LITERAL_CONVERSION = YES;
				CLANG_WARN_OBJC_ROOT_CLASS = YES_ERROR;
				CLANG_WARN_QUOTED_INCLUDE_IN_FRAMEWORK_HEADER = YES;
				CLANG_WARN_RANGE_LOOP_ANALYSIS = YES;
				CLANG_WARN_STRICT_PROTOTYPES = YES;
				CLANG_WARN_SUSPICIOUS_MOVE = YES;
				CLANG_WARN_UNGUARDED_AVAILABILITY = YES_AGGRESSIVE;
				CLANG_WARN_UNREACHABLE_CODE = YES;
				CLANG_WARN__DUPLICATE_METHOD_MATCH = YES;
				COPY_PHASE_STRIP = NO;
				DEBUG_INFORMATION_FORMAT = "dwarf-with-dsym";
				ENABLE_NS_ASSERTIONS = NO;
				ENABLE_STRICT_OBJC_MSGSEND = YES;
				ENABLE_USER_SCRIPT_SANDBOXING = YES;
				GCC_C_LANGUAGE_STANDARD = gnu17;
				GCC_NO_COMMON_BLOCKS = YES;
				GCC_WARN_64_TO_32_BIT_CONVERSION = YES;
				GCC_WARN_ABOUT_RETURN_TYPE = YES_ERROR;
				GCC_WARN_UNDECLARED_SELECTOR = YES;
				GCC_WARN_UNINITIALIZED_AUTOS = YES_AGGRESSIVE;
				GCC_WARN_UNUSED_FUNCTION = YES;
				GCC_WARN_UNUSED_VARIABLE = YES;
				IPHONEOS_DEPLOYMENT_TARGET = 17.4;
				LOCALIZATION_PREFERS_STRING_CATALOGS = YES;
				MTL_ENABLE_DEBUG_INFO = NO;
				MTL_FAST_MATH = YES;
				SDKROOT = iphoneos;
				SWIFT_COMPILATION_MODE = wholemodule;
				VALIDATE_PRODUCT = YES;
			};
			name = Release;
		};
		1F5047D22BE00B54006C33F0 /* Debug */ = {
			isa = XCBuildConfiguration;
			buildSettings = {
				ASSETCATALOG_COMPILER_APPICON_NAME = AppIcon;
				ASSETCATALOG_COMPILER_GLOBAL_ACCENT_COLOR_NAME = AccentColor;
				CODE_SIGN_STYLE = Automatic;
				CURRENT_PROJECT_VERSION = 1;
				DEVELOPMENT_TEAM = M8Q386HL4N;
				GENERATE_INFOPLIST_FILE = YES;
				INFOPLIST_FILE = iQuiz/Info.plist;
				INFOPLIST_KEY_UIApplicationSupportsIndirectInputEvents = YES;
				INFOPLIST_KEY_UILaunchStoryboardName = LaunchScreen;
				INFOPLIST_KEY_UIMainStoryboardFile = Main;
				INFOPLIST_KEY_UISupportedInterfaceOrientations_iPad = "UIInterfaceOrientationPortrait UIInterfaceOrientationPortraitUpsideDown UIInterfaceOrientationLandscapeLeft UIInterfaceOrientationLandscapeRight";
				INFOPLIST_KEY_UISupportedInterfaceOrientations_iPhone = "UIInterfaceOrientationPortrait UIInterfaceOrientationLandscapeLeft UIInterfaceOrientationLandscapeRight";
				LD_RUNPATH_SEARCH_PATHS = (
					"$(inherited)",
					"@executable_path/Frameworks",
				);
				MARKETING_VERSION = 1.0;
				PRODUCT_BUNDLE_IDENTIFIER = labram.iQuiz;
				PRODUCT_NAME = "$(TARGET_NAME)";
				SWIFT_EMIT_LOC_STRINGS = YES;
				SWIFT_VERSION = 5.0;
				TARGETED_DEVICE_FAMILY = "1,2";
			};
			name = Debug;
		};
		1F5047D32BE00B54006C33F0 /* Release */ = {
			isa = XCBuildConfiguration;
			buildSettings = {
				ASSETCATALOG_COMPILER_APPICON_NAME = AppIcon;
				ASSETCATALOG_COMPILER_GLOBAL_ACCENT_COLOR_NAME = AccentColor;
				CODE_SIGN_STYLE = Automatic;
				CURRENT_PROJECT_VERSION = 1;
				DEVELOPMENT_TEAM = M8Q386HL4N;
				GENERATE_INFOPLIST_FILE = YES;
				INFOPLIST_FILE = iQuiz/Info.plist;
				INFOPLIST_KEY_UIApplicationSupportsIndirectInputEvents = YES;
				INFOPLIST_KEY_UILaunchStoryboardName = LaunchScreen;
				INFOPLIST_KEY_UIMainStoryboardFile = Main;
				INFOPLIST_KEY_UISupportedInterfaceOrientations_iPad = "UIInterfaceOrientationPortrait UIInterfaceOrientationPortraitUpsideDown UIInterfaceOrientationLandscapeLeft UIInterfaceOrientationLandscapeRight";
				INFOPLIST_KEY_UISupportedInterfaceOrientations_iPhone = "UIInterfaceOrientationPortrait UIInterfaceOrientationLandscapeLeft UIInterfaceOrientationLandscapeRight";
				LD_RUNPATH_SEARCH_PATHS = (
					"$(inherited)",
					"@executable_path/Frameworks",
				);
				MARKETING_VERSION = 1.0;
				PRODUCT_BUNDLE_IDENTIFIER = labram.iQuiz;
				PRODUCT_NAME = "$(TARGET_NAME)";
				SWIFT_EMIT_LOC_STRINGS = YES;
				SWIFT_VERSION = 5.0;
				TARGETED_DEVICE_FAMILY = "1,2";
			};
			name = Release;
		};
		1F5047D52BE00B54006C33F0 /* Debug */ = {
			isa = XCBuildConfiguration;
			buildSettings = {
				ALWAYS_EMBED_SWIFT_STANDARD_LIBRARIES = YES;
				BUNDLE_LOADER = "$(TEST_HOST)";
				CODE_SIGN_STYLE = Automatic;
				CURRENT_PROJECT_VERSION = 1;
				DEVELOPMENT_TEAM = M8Q386HL4N;
				GENERATE_INFOPLIST_FILE = YES;
				IPHONEOS_DEPLOYMENT_TARGET = 17.4;
				MARKETING_VERSION = 1.0;
				PRODUCT_BUNDLE_IDENTIFIER = labram.iQuizTests;
				PRODUCT_NAME = "$(TARGET_NAME)";
				SWIFT_EMIT_LOC_STRINGS = NO;
				SWIFT_VERSION = 5.0;
				TARGETED_DEVICE_FAMILY = "1,2";
				TEST_HOST = "$(BUILT_PRODUCTS_DIR)/iQuiz.app/$(BUNDLE_EXECUTABLE_FOLDER_PATH)/iQuiz";
			};
			name = Debug;
		};
		1F5047D62BE00B54006C33F0 /* Release */ = {
			isa = XCBuildConfiguration;
			buildSettings = {
				ALWAYS_EMBED_SWIFT_STANDARD_LIBRARIES = YES;
				BUNDLE_LOADER = "$(TEST_HOST)";
				CODE_SIGN_STYLE = Automatic;
				CURRENT_PROJECT_VERSION = 1;
				DEVELOPMENT_TEAM = M8Q386HL4N;
				GENERATE_INFOPLIST_FILE = YES;
				IPHONEOS_DEPLOYMENT_TARGET = 17.4;
				MARKETING_VERSION = 1.0;
				PRODUCT_BUNDLE_IDENTIFIER = labram.iQuizTests;
				PRODUCT_NAME = "$(TARGET_NAME)";
				SWIFT_EMIT_LOC_STRINGS = NO;
				SWIFT_VERSION = 5.0;
				TARGETED_DEVICE_FAMILY = "1,2";
				TEST_HOST = "$(BUILT_PRODUCTS_DIR)/iQuiz.app/$(BUNDLE_EXECUTABLE_FOLDER_PATH)/iQuiz";
			};
			name = Release;
		};
		1F5047D82BE00B54006C33F0 /* Debug */ = {
			isa = XCBuildConfiguration;
			buildSettings = {
				ALWAYS_EMBED_SWIFT_STANDARD_LIBRARIES = YES;
				CODE_SIGN_STYLE = Automatic;
				CURRENT_PROJECT_VERSION = 1;
				DEVELOPMENT_TEAM = M8Q386HL4N;
				GENERATE_INFOPLIST_FILE = YES;
				MARKETING_VERSION = 1.0;
				PRODUCT_BUNDLE_IDENTIFIER = labram.iQuizUITests;
				PRODUCT_NAME = "$(TARGET_NAME)";
				SWIFT_EMIT_LOC_STRINGS = NO;
				SWIFT_VERSION = 5.0;
				TARGETED_DEVICE_FAMILY = "1,2";
				TEST_TARGET_NAME = iQuiz;
			};
			name = Debug;
		};
		1F5047D92BE00B54006C33F0 /* Release */ = {
			isa = XCBuildConfiguration;
			buildSettings = {
				ALWAYS_EMBED_SWIFT_STANDARD_LIBRARIES = YES;
				CODE_SIGN_STYLE = Automatic;
				CURRENT_PROJECT_VERSION = 1;
				DEVELOPMENT_TEAM = M8Q386HL4N;
				GENERATE_INFOPLIST_FILE = YES;
				MARKETING_VERSION = 1.0;
				PRODUCT_BUNDLE_IDENTIFIER = labram.iQuizUITests;
				PRODUCT_NAME = "$(TARGET_NAME)";
				SWIFT_EMIT_LOC_STRINGS = NO;
				SWIFT_VERSION = 5.0;
				TARGETED_DEVICE_FAMILY = "1,2";
				TEST_TARGET_NAME = iQuiz;
			};
			name = Release;
		};
/* End XCBuildConfiguration section */

/* Begin XCConfigurationList section */
		1F5047A22BE00B53006C33F0 /* Build configuration list for PBXProject "iQuiz" */ = {
			isa = XCConfigurationList;
			buildConfigurations = (
				1F5047CF2BE00B54006C33F0 /* Debug */,
				1F5047D02BE00B54006C33F0 /* Release */,
			);
			defaultConfigurationIsVisible = 0;
			defaultConfigurationName = Release;
		};
		1F5047D12BE00B54006C33F0 /* Build configuration list for PBXNativeTarget "iQuiz" */ = {
			isa = XCConfigurationList;
			buildConfigurations = (
				1F5047D22BE00B54006C33F0 /* Debug */,
				1F5047D32BE00B54006C33F0 /* Release */,
			);
			defaultConfigurationIsVisible = 0;
			defaultConfigurationName = Release;
		};
		1F5047D42BE00B54006C33F0 /* Build configuration list for PBXNativeTarget "iQuizTests" */ = {
			isa = XCConfigurationList;
			buildConfigurations = (
				1F5047D52BE00B54006C33F0 /* Debug */,
				1F5047D62BE00B54006C33F0 /* Release */,
			);
			defaultConfigurationIsVisible = 0;
			defaultConfigurationName = Release;
		};
		1F5047D72BE00B54006C33F0 /* Build configuration list for PBXNativeTarget "iQuizUITests" */ = {
			isa = XCConfigurationList;
			buildConfigurations = (
				1F5047D82BE00B54006C33F0 /* Debug */,
				1F5047D92BE00B54006C33F0 /* Release */,
			);
			defaultConfigurationIsVisible = 0;
			defaultConfigurationName = Release;
		};
/* End XCConfigurationList section */
	};
	rootObject = 1F50479F2BE00B53006C33F0 /* Project object */;
}
